
Microsoft Visual Studio Solution File, Format Version 12.00
# Visual Studio Version 17
VisualStudioVersion = 17.13.35919.96
MinimumVisualStudioVersion = 10.0.40219.1
Project("{FAE04EC0-301F-11D3-BF4B-00C04F79EFBC}") = "Winfrom_plus_Database", "Winfrom_plus_Database\Winfrom_plus_Database.csproj", "{75F3ADFD-6B45-4AFA-868D-E3A75D111F7B}"
EndProject
Project("{FAE04EC0-301F-11D3-BF4B-00C04F79EFBC}") = "FileDownloader", "FileDownloader\FileDownloader.csproj", "{91E00673-E758-4AD6-A85E-355B6DF66F44}"
EndProject
Project("{FAE04EC0-301F-11D3-BF4B-00C04F79EFBC}") = "FileDownloaderGUI", "FileDownloaderGUI\FileDownloaderGUI.csproj", "{12A3EA9E-6950-45AF-A12A-2C475EB7E541}"
EndProject
Project("{FAE04EC0-301F-11D3-BF4B-00C04F79EFBC}") = "WeatherApp.Core", "WeatherApp.Core\WeatherApp.Core.csproj", "{AA1FB627-F324-4D9E-AC81-0A3CDC179647}"
EndProject
Project("{FAE04EC0-301F-11D3-BF4B-00C04F79EFBC}") = "WeatherApp.UI", "WeatherApp.UI\WeatherApp.UI.csproj", "{9A846975-E6F1-41CC-B28B-C1AB8076A73E}"
EndProject
Project("{FAE04EC0-301F-11D3-BF4B-00C04F79EFBC}") = "WeatherApp.Console", "WeatherApp.Console\WeatherApp.Console.csproj", "{D58769CE-97EC-461A-842F-D62CDA5EC7B0}"
EndProject
Global
	GlobalSection(SolutionConfigurationPlatforms) = preSolution
		Debug|Any CPU = Debug|Any CPU
		Release|Any CPU = Release|Any CPU
	EndGlobalSection
	GlobalSection(ProjectConfigurationPlatforms) = postSolution
		{75F3ADFD-6B45-4AFA-868D-E3A75D111F7B}.Debug|Any CPU.ActiveCfg = Debug|Any CPU
		{75F3ADFD-6B45-4AFA-868D-E3A75D111F7B}.Debug|Any CPU.Build.0 = Debug|Any CPU
		{75F3ADFD-6B45-4AFA-868D-E3A75D111F7B}.Release|Any CPU.ActiveCfg = Release|Any CPU
		{75F3ADFD-6B45-4AFA-868D-E3A75D111F7B}.Release|Any CPU.Build.0 = Release|Any CPU
		{91E00673-E758-4AD6-A85E-355B6DF66F44}.Debug|Any CPU.ActiveCfg = Debug|Any CPU
		{91E00673-E758-4AD6-A85E-355B6DF66F44}.Debug|Any CPU.Build.0 = Debug|Any CPU
		{91E00673-E758-4AD6-A85E-355B6DF66F44}.Release|Any CPU.ActiveCfg = Release|Any CPU
		{91E00673-E758-4AD6-A85E-355B6DF66F44}.Release|Any CPU.Build.0 = Release|Any CPU
		{12A3EA9E-6950-45AF-A12A-2C475EB7E541}.Debug|Any CPU.ActiveCfg = Debug|Any CPU
		{12A3EA9E-6950-45AF-A12A-2C475EB7E541}.Debug|Any CPU.Build.0 = Debug|Any CPU
		{12A3EA9E-6950-45AF-A12A-2C475EB7E541}.Release|Any CPU.ActiveCfg = Release|Any CPU
		{12A3EA9E-6950-45AF-A12A-2C475EB7E541}.Release|Any CPU.Build.0 = Release|Any CPU
		{AA1FB627-F324-4D9E-AC81-0A3CDC179647}.Debug|Any CPU.ActiveCfg = Debug|Any CPU
		{AA1FB627-F324-4D9E-AC81-0A3CDC179647}.Debug|Any CPU.Build.0 = Debug|Any CPU
		{AA1FB627-F324-4D9E-AC81-0A3CDC179647}.Release|Any CPU.ActiveCfg = Release|Any CPU
		{AA1FB627-F324-4D9E-AC81-0A3CDC179647}.Release|Any CPU.Build.0 = Release|Any CPU
		{9A846975-E6F1-41CC-B28B-C1AB8076A73E}.Debug|Any CPU.ActiveCfg = Debug|Any CPU
		{9A846975-E6F1-41CC-B28B-C1AB8076A73E}.Debug|Any CPU.Build.0 = Debug|Any CPU
		{9A846975-E6F1-41CC-B28B-C1AB8076A73E}.Release|Any CPU.ActiveCfg = Release|Any CPU
		{9A846975-E6F1-41CC-B28B-C1AB8076A73E}.Release|Any CPU.Build.0 = Release|Any CPU
		{D58769CE-97EC-461A-842F-D62CDA5EC7B0}.Debug|Any CPU.ActiveCfg = Debug|Any CPU
		{D58769CE-97EC-461A-842F-D62CDA5EC7B0}.Debug|Any CPU.Build.0 = Debug|Any CPU
		{D58769CE-97EC-461A-842F-D62CDA5EC7B0}.Release|Any CPU.ActiveCfg = Release|Any CPU
		{D58769CE-97EC-461A-842F-D62CDA5EC7B0}.Release|Any CPU.Build.0 = Release|Any CPU
	EndGlobalSection
	GlobalSection(SolutionProperties) = preSolution
		HideSolutionNode = FALSE
	EndGlobalSection
	GlobalSection(ExtensibilityGlobals) = postSolution
		SolutionGuid = {738B1437-04E2-4242-8C34-EB1EF76E2BAC}
	EndGlobalSection
EndGlobal
